
Microsoft Visual Studio Solution File, Format Version 12.00
# Visual Studio 2012
Project("{8BC9CEB8-8B4A-11D0-8D11-00A0C91BC942}") = "Account", "Account\Account.vcxproj", "{C627E4BD-D7A8-465D-A08F-285A6FD3B052}"
EndProject
Project("{8BC9CEB8-8B4A-11D0-8D11-00A0C91BC942}") = "MyPoint", "MyPoint\MyPoint.vcxproj", "{2FD8CD43-A31C-4341-B83F-AF4FE41DD176}"
EndProject
Project("{8BC9CEB8-8B4A-11D0-8D11-00A0C91BC942}") = "StackOfIntegers", "StackOfIntegers\StackOfIntegers.vcxproj", "{0CC5257A-83B7-4598-BA0E-A41FE1B21727}"
EndProject
Project("{8BC9CEB8-8B4A-11D0-8D11-00A0C91BC942}") = "ExtendMyPoint", "ExtendMyPoint\ExtendMyPoint.vcxproj", "{3F117E83-5142-4B7D-9A5C-70105F49B98E}"
EndProject
Project("{8BC9CEB8-8B4A-11D0-8D11-00A0C91BC942}") = "Loan", "Loan\Loan.vcxproj", "{CEB2CDE7-AAC2-4007-AA93-0C15294342CA}"
EndProject
Project("{8BC9CEB8-8B4A-11D0-8D11-00A0C91BC942}") = "Circle", "Circle\Circle.vcxproj", "{A1BABDDC-F58C-4AD8-8CAE-E581274308E8}"
EndProject
Project("{8BC9CEB8-8B4A-11D0-8D11-00A0C91BC942}") = "ModStackOfIntegers", "ModStackOfIntegers\ModStackOfIntegers.vcxproj", "{A30419A0-A4BE-4E32-979B-5A8227921CC9}"
EndProject
Global
	GlobalSection(SolutionConfigurationPlatforms) = preSolution
		Debug|Any CPU = Debug|Any CPU
		Debug|Mixed Platforms = Debug|Mixed Platforms
		Debug|Win32 = Debug|Win32
		Release|Any CPU = Release|Any CPU
		Release|Mixed Platforms = Release|Mixed Platforms
		Release|Win32 = Release|Win32
	EndGlobalSection
	GlobalSection(ProjectConfigurationPlatforms) = postSolution
		{C627E4BD-D7A8-465D-A08F-285A6FD3B052}.Debug|Any CPU.ActiveCfg = Debug|Win32
		{C627E4BD-D7A8-465D-A08F-285A6FD3B052}.Debug|Mixed Platforms.ActiveCfg = Debug|Win32
		{C627E4BD-D7A8-465D-A08F-285A6FD3B052}.Debug|Mixed Platforms.Build.0 = Debug|Win32
		{C627E4BD-D7A8-465D-A08F-285A6FD3B052}.Debug|Win32.ActiveCfg = Debug|Win32
		{C627E4BD-D7A8-465D-A08F-285A6FD3B052}.Debug|Win32.Build.0 = Debug|Win32
		{C627E4BD-D7A8-465D-A08F-285A6FD3B052}.Release|Any CPU.ActiveCfg = Release|Win32
		{C627E4BD-D7A8-465D-A08F-285A6FD3B052}.Release|Mixed Platforms.ActiveCfg = Release|Win32
		{C627E4BD-D7A8-465D-A08F-285A6FD3B052}.Release|Mixed Platforms.Build.0 = Release|Win32
		{C627E4BD-D7A8-465D-A08F-285A6FD3B052}.Release|Win32.ActiveCfg = Release|Win32
		{C627E4BD-D7A8-465D-A08F-285A6FD3B052}.Release|Win32.Build.0 = Release|Win32
		{2FD8CD43-A31C-4341-B83F-AF4FE41DD176}.Debug|Any CPU.ActiveCfg = Debug|Win32
		{2FD8CD43-A31C-4341-B83F-AF4FE41DD176}.Debug|Mixed Platforms.ActiveCfg = Debug|Win32
		{2FD8CD43-A31C-4341-B83F-AF4FE41DD176}.Debug|Mixed Platforms.Build.0 = Debug|Win32
		{2FD8CD43-A31C-4341-B83F-AF4FE41DD176}.Debug|Win32.ActiveCfg = Debug|Win32
		{2FD8CD43-A31C-4341-B83F-AF4FE41DD176}.Debug|Win32.Build.0 = Debug|Win32
		{2FD8CD43-A31C-4341-B83F-AF4FE41DD176}.Release|Any CPU.ActiveCfg = Release|Win32
		{2FD8CD43-A31C-4341-B83F-AF4FE41DD176}.Release|Mixed Platforms.ActiveCfg = Release|Win32
		{2FD8CD43-A31C-4341-B83F-AF4FE41DD176}.Release|Mixed Platforms.Build.0 = Release|Win32
		{2FD8CD43-A31C-4341-B83F-AF4FE41DD176}.Release|Win32.ActiveCfg = Release|Win32
		{2FD8CD43-A31C-4341-B83F-AF4FE41DD176}.Release|Win32.Build.0 = Release|Win32
		{0CC5257A-83B7-4598-BA0E-A41FE1B21727}.Debug|Any CPU.ActiveCfg = Debug|Win32
		{0CC5257A-83B7-4598-BA0E-A41FE1B21727}.Debug|Mixed Platforms.ActiveCfg = Debug|Win32
		{0CC5257A-83B7-4598-BA0E-A41FE1B21727}.Debug|Mixed Platforms.Build.0 = Debug|Win32
		{0CC5257A-83B7-4598-BA0E-A41FE1B21727}.Debug|Win32.ActiveCfg = Debug|Win32
		{0CC5257A-83B7-4598-BA0E-A41FE1B21727}.Debug|Win32.Build.0 = Debug|Win32
		{0CC5257A-83B7-4598-BA0E-A41FE1B21727}.Release|Any CPU.ActiveCfg = Release|Win32
		{0CC5257A-83B7-4598-BA0E-A41FE1B21727}.Release|Mixed Platforms.ActiveCfg = Release|Win32
		{0CC5257A-83B7-4598-BA0E-A41FE1B21727}.Release|Mixed Platforms.Build.0 = Release|Win32
		{0CC5257A-83B7-4598-BA0E-A41FE1B21727}.Release|Win32.ActiveCfg = Release|Win32
		{0CC5257A-83B7-4598-BA0E-A41FE1B21727}.Release|Win32.Build.0 = Release|Win32
		{3F117E83-5142-4B7D-9A5C-70105F49B98E}.Debug|Any CPU.ActiveCfg = Debug|Win32
		{3F117E83-5142-4B7D-9A5C-70105F49B98E}.Debug|Mixed Platforms.ActiveCfg = Debug|Win32
		{3F117E83-5142-4B7D-9A5C-70105F49B98E}.Debug|Mixed Platforms.Build.0 = Debug|Win32
		{3F117E83-5142-4B7D-9A5C-70105F49B98E}.Debug|Win32.ActiveCfg = Debug|Win32
		{3F117E83-5142-4B7D-9A5C-70105F49B98E}.Debug|Win32.Build.0 = Debug|Win32
		{3F117E83-5142-4B7D-9A5C-70105F49B98E}.Release|Any CPU.ActiveCfg = Release|Win32
		{3F117E83-5142-4B7D-9A5C-70105F49B98E}.Release|Mixed Platforms.ActiveCfg = Release|Win32
		{3F117E83-5142-4B7D-9A5C-70105F49B98E}.Release|Mixed Platforms.Build.0 = Release|Win32
		{3F117E83-5142-4B7D-9A5C-70105F49B98E}.Release|Win32.ActiveCfg = Release|Win32
		{3F117E83-5142-4B7D-9A5C-70105F49B98E}.Release|Win32.Build.0 = Release|Win32
		{CEB2CDE7-AAC2-4007-AA93-0C15294342CA}.Debug|Any CPU.ActiveCfg = Debug|Win32
		{CEB2CDE7-AAC2-4007-AA93-0C15294342CA}.Debug|Mixed Platforms.ActiveCfg = Debug|Win32
		{CEB2CDE7-AAC2-4007-AA93-0C15294342CA}.Debug|Mixed Platforms.Build.0 = Debug|Win32
		{CEB2CDE7-AAC2-4007-AA93-0C15294342CA}.Debug|Win32.ActiveCfg = Debug|Win32
		{CEB2CDE7-AAC2-4007-AA93-0C15294342CA}.Debug|Win32.Build.0 = Debug|Win32
		{CEB2CDE7-AAC2-4007-AA93-0C15294342CA}.Release|Any CPU.ActiveCfg = Release|Win32
		{CEB2CDE7-AAC2-4007-AA93-0C15294342CA}.Release|Mixed Platforms.ActiveCfg = Release|Win32
		{CEB2CDE7-AAC2-4007-AA93-0C15294342CA}.Release|Mixed Platforms.Build.0 = Release|Win32
		{CEB2CDE7-AAC2-4007-AA93-0C15294342CA}.Release|Win32.ActiveCfg = Release|Win32
		{CEB2CDE7-AAC2-4007-AA93-0C15294342CA}.Release|Win32.Build.0 = Release|Win32
		{A1BABDDC-F58C-4AD8-8CAE-E581274308E8}.Debug|Any CPU.ActiveCfg = Debug|Win32
		{A1BABDDC-F58C-4AD8-8CAE-E581274308E8}.Debug|Mixed Platforms.ActiveCfg = Debug|Win32
		{A1BABDDC-F58C-4AD8-8CAE-E581274308E8}.Debug|Mixed Platforms.Build.0 = Debug|Win32
		{A1BABDDC-F58C-4AD8-8CAE-E581274308E8}.Debug|Win32.ActiveCfg = Debug|Win32
		{A1BABDDC-F58C-4AD8-8CAE-E581274308E8}.Debug|Win32.Build.0 = Debug|Win32
		{A1BABDDC-F58C-4AD8-8CAE-E581274308E8}.Release|Any CPU.ActiveCfg = Release|Win32
		{A1BABDDC-F58C-4AD8-8CAE-E581274308E8}.Release|Mixed Platforms.ActiveCfg = Release|Win32
		{A1BABDDC-F58C-4AD8-8CAE-E581274308E8}.Release|Mixed Platforms.Build.0 = Release|Win32
		{A1BABDDC-F58C-4AD8-8CAE-E581274308E8}.Release|Win32.ActiveCfg = Release|Win32
		{A1BABDDC-F58C-4AD8-8CAE-E581274308E8}.Release|Win32.Build.0 = Release|Win32
		{A30419A0-A4BE-4E32-979B-5A8227921CC9}.Debug|Any CPU.ActiveCfg = Debug|Win32
		{A30419A0-A4BE-4E32-979B-5A8227921CC9}.Debug|Mixed Platforms.ActiveCfg = Debug|Win32
		{A30419A0-A4BE-4E32-979B-5A8227921CC9}.Debug|Mixed Platforms.Build.0 = Debug|Win32
		{A30419A0-A4BE-4E32-979B-5A8227921CC9}.Debug|Win32.ActiveCfg = Debug|Win32
		{A30419A0-A4BE-4E32-979B-5A8227921CC9}.Debug|Win32.Build.0 = Debug|Win32
		{A30419A0-A4BE-4E32-979B-5A8227921CC9}.Release|Any CPU.ActiveCfg = Release|Win32
		{A30419A0-A4BE-4E32-979B-5A8227921CC9}.Release|Mixed Platforms.ActiveCfg = Release|Win32
		{A30419A0-A4BE-4E32-979B-5A8227921CC9}.Release|Mixed Platforms.Build.0 = Release|Win32
		{A30419A0-A4BE-4E32-979B-5A8227921CC9}.Release|Win32.ActiveCfg = Release|Win32
		{A30419A0-A4BE-4E32-979B-5A8227921CC9}.Release|Win32.Build.0 = Release|Win32
	EndGlobalSection
	GlobalSection(SolutionProperties) = preSolution
		HideSolutionNode = FALSE
	EndGlobalSection
EndGlobal
